
Microsoft Visual Studio Solution File, Format Version 12.00
# Visual Studio 15
Project("{FAE04EC0-301F-11D3-BF4B-00C04F79EFBC}") = "wavegenerator", "wavegenerator\wavegenerator.csproj", "{4726D732-39DB-4800-82ED-7E7611B0CD2A}"
EndProject
Project("{FAE04EC0-301F-11D3-BF4B-00C04F79EFBC}") = "wavereader", "wavereader\wavereader.csproj", "{9B8C1458-80F6-4A71-B2AD-61CDDE6F2F0C}"
EndProject
Global
	GlobalSection(SolutionConfigurationPlatforms) = preSolution
		Debug|Any CPU = Debug|Any CPU
		Release|Any CPU = Release|Any CPU
	EndGlobalSection
	GlobalSection(ProjectConfigurationPlatforms) = postSolution
		{4726D732-39DB-4800-82ED-7E7611B0CD2A}.Debug|Any CPU.ActiveCfg = Debug|Any CPU
		{4726D732-39DB-4800-82ED-7E7611B0CD2A}.Debug|Any CPU.Build.0 = Debug|Any CPU
		{4726D732-39DB-4800-82ED-7E7611B0CD2A}.Release|Any CPU.ActiveCfg = Release|Any CPU
		{4726D732-39DB-4800-82ED-7E7611B0CD2A}.Release|Any CPU.Build.0 = Release|Any CPU
		{9B8C1458-80F6-4A71-B2AD-61CDDE6F2F0C}.Debug|Any CPU.ActiveCfg = Debug|Any CPU
		{9B8C1458-80F6-4A71-B2AD-61CDDE6F2F0C}.Debug|Any CPU.Build.0 = Debug|Any CPU
		{9B8C1458-80F6-4A71-B2AD-61CDDE6F2F0C}.Release|Any CPU.ActiveCfg = Release|Any CPU
		{9B8C1458-80F6-4A71-B2AD-61CDDE6F2F0C}.Release|Any CPU.Build.0 = Release|Any CPU
	EndGlobalSection
EndGlobal
